
Microsoft Visual Studio Solution File, Format Version 12.00
# Visual Studio Version 17
VisualStudioVersion = 17.9.34607.119
MinimumVisualStudioVersion = 10.0.40219.1
Project("{FAE04EC0-301F-11D3-BF4B-00C04F79EFBC}") = "Weather", "Weather.csproj", "{4E5D224F-05DC-4099-BE12-DA6BEA813DB5}"
EndProject
Global
	GlobalSection(SolutionConfigurationPlatforms) = preSolution
		Debug|Any CPU = Debug|Any CPU
		Release|Any CPU = Release|Any CPU
	EndGlobalSection
	GlobalSection(ProjectConfigurationPlatforms) = postSolution
		{4E5D224F-05DC-4099-BE12-DA6BEA813DB5}.Debug|Any CPU.ActiveCfg = Debug|Any CPU
		{4E5D224F-05DC-4099-BE12-DA6BEA813DB5}.Debug|Any CPU.Build.0 = Debug|Any CPU
		{4E5D224F-05DC-4099-BE12-DA6BEA813DB5}.Release|Any CPU.ActiveCfg = Release|Any CPU
		{4E5D224F-05DC-4099-BE12-DA6BEA813DB5}.Release|Any CPU.Build.0 = Release|Any CPU
	EndGlobalSection
	GlobalSection(SolutionProperties) = preSolution
		HideSolutionNode = FALSE
	EndGlobalSection
	GlobalSection(ExtensibilityGlobals) = postSolution
		SolutionGuid = {6F2853B8-9C0D-4F28-84D5-6D59A87DF50D}
	EndGlobalSection
EndGlobal
